
Microsoft Visual Studio Solution File, Format Version 12.00
# Visual Studio Version 16
VisualStudioVersion = 16.0.808.10
MinimumVisualStudioVersion = 10.0.40219.1
Project("{FAE04EC0-301F-11D3-BF4B-00C04F79EFBC}") = "jobDemo", "jobDemo\jobDemo.csproj", "{64F7E86F-184E-4A8D-A14E-AD5E16DA947F}"
EndProject
Project("{FAE04EC0-301F-11D3-BF4B-00C04F79EFBC}") = "JobDemo2", "JobDemo2\JobDemo2.csproj", "{6159691A-AE3C-428A-B469-C5BA0E27C755}"
EndProject
Project("{FAE04EC0-301F-11D3-BF4B-00C04F79EFBC}") = "DirectoryInformation", "DirectoryInformation\DirectoryInformation.csproj", "{0BEAC15E-6AB1-454C-95A2-227209FAD1FE}"
EndProject
Project("{FAE04EC0-301F-11D3-BF4B-00C04F79EFBC}") = "FileComparison", "FileComparison\FileComparison.csproj", "{C29E6EF8-4F57-4E72-B7D0-9BC98E203723}"
EndProject
Global
	GlobalSection(SolutionConfigurationPlatforms) = preSolution
		Debug|Any CPU = Debug|Any CPU
		Release|Any CPU = Release|Any CPU
	EndGlobalSection
	GlobalSection(ProjectConfigurationPlatforms) = postSolution
		{64F7E86F-184E-4A8D-A14E-AD5E16DA947F}.Debug|Any CPU.ActiveCfg = Debug|Any CPU
		{64F7E86F-184E-4A8D-A14E-AD5E16DA947F}.Debug|Any CPU.Build.0 = Debug|Any CPU
		{64F7E86F-184E-4A8D-A14E-AD5E16DA947F}.Release|Any CPU.ActiveCfg = Release|Any CPU
		{64F7E86F-184E-4A8D-A14E-AD5E16DA947F}.Release|Any CPU.Build.0 = Release|Any CPU
		{6159691A-AE3C-428A-B469-C5BA0E27C755}.Debug|Any CPU.ActiveCfg = Debug|Any CPU
		{6159691A-AE3C-428A-B469-C5BA0E27C755}.Debug|Any CPU.Build.0 = Debug|Any CPU
		{6159691A-AE3C-428A-B469-C5BA0E27C755}.Release|Any CPU.ActiveCfg = Release|Any CPU
		{6159691A-AE3C-428A-B469-C5BA0E27C755}.Release|Any CPU.Build.0 = Release|Any CPU
		{0BEAC15E-6AB1-454C-95A2-227209FAD1FE}.Debug|Any CPU.ActiveCfg = Debug|Any CPU
		{0BEAC15E-6AB1-454C-95A2-227209FAD1FE}.Debug|Any CPU.Build.0 = Debug|Any CPU
		{0BEAC15E-6AB1-454C-95A2-227209FAD1FE}.Release|Any CPU.ActiveCfg = Release|Any CPU
		{0BEAC15E-6AB1-454C-95A2-227209FAD1FE}.Release|Any CPU.Build.0 = Release|Any CPU
		{C29E6EF8-4F57-4E72-B7D0-9BC98E203723}.Debug|Any CPU.ActiveCfg = Debug|Any CPU
		{C29E6EF8-4F57-4E72-B7D0-9BC98E203723}.Debug|Any CPU.Build.0 = Debug|Any CPU
		{C29E6EF8-4F57-4E72-B7D0-9BC98E203723}.Release|Any CPU.ActiveCfg = Release|Any CPU
		{C29E6EF8-4F57-4E72-B7D0-9BC98E203723}.Release|Any CPU.Build.0 = Release|Any CPU
	EndGlobalSection
	GlobalSection(SolutionProperties) = preSolution
		HideSolutionNode = FALSE
	EndGlobalSection
	GlobalSection(ExtensibilityGlobals) = postSolution
		SolutionGuid = {33EA65BB-B22A-4662-B7BE-9192601A33BA}
	EndGlobalSection
EndGlobal
